
Microsoft Visual Studio Solution File, Format Version 12.00
# Visual Studio Version 17
VisualStudioVersion = 17.0.31903.59
MinimumVisualStudioVersion = 10.0.40219.1
Project("{2150E333-8FDC-42A3-9474-1A3956D46DE8}") = "tests", "tests", "{B7BAB198-E1D7-4ADB-88BD-198212D02268}"
EndProject
Project("{FAE04EC0-301F-11D3-BF4B-00C04F79EFBC}") = "SharpQueue.Tests", "tests\SharpQueue.Tests\SharpQueue.Tests.csproj", "{ED41F5CA-FD74-41F1-9513-EB4B78E02818}"
EndProject
Project("{2150E333-8FDC-42A3-9474-1A3956D46DE8}") = "src", "src", "{1FA8CF4D-29AA-44D2-AD04-EE2152E905EA}"
EndProject
Project("{FAE04EC0-301F-11D3-BF4B-00C04F79EFBC}") = "SharpQueue.Core", "src\SharpQueue.Core\SharpQueue.Core.csproj", "{412333A9-6FA1-48BB-B97B-31F5C07C4D3C}"
EndProject
Project("{FAE04EC0-301F-11D3-BF4B-00C04F79EFBC}") = "SharpQueue.Http", "src\SharpQueue.Http\SharpQueue.Http.csproj", "{1C2BA4C7-5242-44EE-863F-DD5E46BC5C94}"
EndProject
Project("{FAE04EC0-301F-11D3-BF4B-00C04F79EFBC}") = "SharpQueue.NotificationService", "src\SharpQueue.NotificationService\SharpQueue.NotificationService.csproj", "{1D9A5D78-86B7-4021-BDC5-71523CD5AD6D}"
EndProject
Global
	GlobalSection(SolutionConfigurationPlatforms) = preSolution
		Debug|Any CPU = Debug|Any CPU
		Release|Any CPU = Release|Any CPU
	EndGlobalSection
	GlobalSection(ProjectConfigurationPlatforms) = postSolution
		{ED41F5CA-FD74-41F1-9513-EB4B78E02818}.Debug|Any CPU.ActiveCfg = Debug|Any CPU
		{ED41F5CA-FD74-41F1-9513-EB4B78E02818}.Debug|Any CPU.Build.0 = Debug|Any CPU
		{ED41F5CA-FD74-41F1-9513-EB4B78E02818}.Release|Any CPU.ActiveCfg = Release|Any CPU
		{ED41F5CA-FD74-41F1-9513-EB4B78E02818}.Release|Any CPU.Build.0 = Release|Any CPU
		{412333A9-6FA1-48BB-B97B-31F5C07C4D3C}.Debug|Any CPU.ActiveCfg = Debug|Any CPU
		{412333A9-6FA1-48BB-B97B-31F5C07C4D3C}.Debug|Any CPU.Build.0 = Debug|Any CPU
		{412333A9-6FA1-48BB-B97B-31F5C07C4D3C}.Release|Any CPU.ActiveCfg = Release|Any CPU
		{412333A9-6FA1-48BB-B97B-31F5C07C4D3C}.Release|Any CPU.Build.0 = Release|Any CPU
		{1C2BA4C7-5242-44EE-863F-DD5E46BC5C94}.Debug|Any CPU.ActiveCfg = Debug|Any CPU
		{1C2BA4C7-5242-44EE-863F-DD5E46BC5C94}.Debug|Any CPU.Build.0 = Debug|Any CPU
		{1C2BA4C7-5242-44EE-863F-DD5E46BC5C94}.Release|Any CPU.ActiveCfg = Release|Any CPU
		{1C2BA4C7-5242-44EE-863F-DD5E46BC5C94}.Release|Any CPU.Build.0 = Release|Any CPU
		{1D9A5D78-86B7-4021-BDC5-71523CD5AD6D}.Debug|Any CPU.ActiveCfg = Debug|Any CPU
		{1D9A5D78-86B7-4021-BDC5-71523CD5AD6D}.Debug|Any CPU.Build.0 = Debug|Any CPU
		{1D9A5D78-86B7-4021-BDC5-71523CD5AD6D}.Release|Any CPU.ActiveCfg = Release|Any CPU
		{1D9A5D78-86B7-4021-BDC5-71523CD5AD6D}.Release|Any CPU.Build.0 = Release|Any CPU
	EndGlobalSection
	GlobalSection(SolutionProperties) = preSolution
		HideSolutionNode = FALSE
	EndGlobalSection
	GlobalSection(NestedProjects) = preSolution
		{ED41F5CA-FD74-41F1-9513-EB4B78E02818} = {B7BAB198-E1D7-4ADB-88BD-198212D02268}
		{412333A9-6FA1-48BB-B97B-31F5C07C4D3C} = {1FA8CF4D-29AA-44D2-AD04-EE2152E905EA}
		{1C2BA4C7-5242-44EE-863F-DD5E46BC5C94} = {1FA8CF4D-29AA-44D2-AD04-EE2152E905EA}
		{1D9A5D78-86B7-4021-BDC5-71523CD5AD6D} = {1FA8CF4D-29AA-44D2-AD04-EE2152E905EA}
	EndGlobalSection
EndGlobal
